
Microsoft Visual Studio Solution File, Format Version 12.00
# Visual Studio Version 16
VisualStudioVersion = 16.0.31025.194
MinimumVisualStudioVersion = 10.0.40219.1
Project("{2150E333-8FDC-42A3-9474-1A3956D46DE8}") = "src", "src", "{D5016D6E-3A9D-4A27-BCEB-6C27C8322DD9}"
EndProject
Project("{2150E333-8FDC-42A3-9474-1A3956D46DE8}") = "1.0 Views", "1.0 Views", "{88960B1A-2EC8-4783-90E7-973909401AF4}"
EndProject
Project("{2150E333-8FDC-42A3-9474-1A3956D46DE8}") = "2.1 ApplicationServices", "2.1 ApplicationServices", "{0B07E2EC-5A7E-4BC8-A1BE-A0A9F80AE966}"
EndProject
Project("{2150E333-8FDC-42A3-9474-1A3956D46DE8}") = "3.1 Core", "3.1 Core", "{5EB14972-DCE3-4E4C-987E-8110F1253D9A}"
EndProject
Project("{2150E333-8FDC-42A3-9474-1A3956D46DE8}") = "4.1 Infrastructure", "4.1 Infrastructure", "{28C015A4-FEFE-4954-961A-8C708EB96EE1}"
EndProject
Project("{FAE04EC0-301F-11D3-BF4B-00C04F79EFBC}") = "TransactionManagement.Core", "TransactionManagement.Core\TransactionManagement.Core.csproj", "{036B85A5-EB13-4680-BCC9-2B8BA6BC3086}"
EndProject
Project("{FAE04EC0-301F-11D3-BF4B-00C04F79EFBC}") = "TransactionManagement.ApplicationService", "TransactionManagement.ApplicationService\TransactionManagement.ApplicationService.csproj", "{A36F993C-3DB7-4266-9692-87D50D6BAA35}"
EndProject
Project("{FAE04EC0-301F-11D3-BF4B-00C04F79EFBC}") = "TransactionManagement.Infra.DataAccess", "TransactionManagement.Infrastructure\TransactionManagement.Infra.DataAccess.csproj", "{3030D34E-7A01-492D-8F38-0840C57C5BAB}"
EndProject
Project("{FAE04EC0-301F-11D3-BF4B-00C04F79EFBC}") = "TransactionManagement.WinFormApp", "TransactionManagement.WindFormApp\TransactionManagement.WinFormApp.csproj", "{16EEBB81-EB5E-4915-805E-3B8AEA6F342A}"
EndProject
Project("{FAE04EC0-301F-11D3-BF4B-00C04F79EFBC}") = "TransactionManagement.Common", "TransactionManagement.Common\TransactionManagement.Common.csproj", "{1845E49D-644B-4763-9B53-2E1EAD486115}"
EndProject
Project("{2150E333-8FDC-42A3-9474-1A3956D46DE8}") = "1.1 Desktop", "1.1 Desktop", "{D28E0141-2F1C-4E24-B0C5-AF5D98B02110}"
EndProject
Project("{2150E333-8FDC-42A3-9474-1A3956D46DE8}") = "1.1.1 WinForms", "1.1.1 WinForms", "{C0A1C956-7BFE-44E1-8133-E958B4107A0E}"
EndProject
Project("{2150E333-8FDC-42A3-9474-1A3956D46DE8}") = "1.3 Webs", "1.3 Webs", "{69AF5937-1C54-4FE1-82EE-A88A24CD716E}"
EndProject
Project("{2150E333-8FDC-42A3-9474-1A3956D46DE8}") = "1.2 Mobile", "1.2 Mobile", "{57875B7D-7E4D-4EB1-9371-EFD788C4F571}"
EndProject
Project("{2150E333-8FDC-42A3-9474-1A3956D46DE8}") = "1.2.1 Android", "1.2.1 Android", "{E9E860AF-349E-4168-8367-CD39C8392B0C}"
EndProject
Project("{2150E333-8FDC-42A3-9474-1A3956D46DE8}") = "1.2.2 IOS", "1.2.2 IOS", "{40C7D156-CB47-4327-87A8-A8D72C8F76AD}"
EndProject
Project("{2150E333-8FDC-42A3-9474-1A3956D46DE8}") = "1.3.1 MVC", "1.3.1 MVC", "{9388959D-CB60-4A2C-8317-C1B9ADDD57B4}"
EndProject
Project("{2150E333-8FDC-42A3-9474-1A3956D46DE8}") = "1.3.2 Blazor", "1.3.2 Blazor", "{F80118E2-3C47-420A-9DAC-1659BB590D17}"
EndProject
Project("{2150E333-8FDC-42A3-9474-1A3956D46DE8}") = "1.1.2 WPF", "1.1.2 WPF", "{337CAC5D-EEBB-4A9D-BD5D-5DBDD7732AA3}"
EndProject
Global
	GlobalSection(SolutionConfigurationPlatforms) = preSolution
		Debug|Any CPU = Debug|Any CPU
		Release|Any CPU = Release|Any CPU
	EndGlobalSection
	GlobalSection(ProjectConfigurationPlatforms) = postSolution
		{036B85A5-EB13-4680-BCC9-2B8BA6BC3086}.Debug|Any CPU.ActiveCfg = Debug|Any CPU
		{036B85A5-EB13-4680-BCC9-2B8BA6BC3086}.Debug|Any CPU.Build.0 = Debug|Any CPU
		{036B85A5-EB13-4680-BCC9-2B8BA6BC3086}.Release|Any CPU.ActiveCfg = Release|Any CPU
		{036B85A5-EB13-4680-BCC9-2B8BA6BC3086}.Release|Any CPU.Build.0 = Release|Any CPU
		{A36F993C-3DB7-4266-9692-87D50D6BAA35}.Debug|Any CPU.ActiveCfg = Debug|Any CPU
		{A36F993C-3DB7-4266-9692-87D50D6BAA35}.Debug|Any CPU.Build.0 = Debug|Any CPU
		{A36F993C-3DB7-4266-9692-87D50D6BAA35}.Release|Any CPU.ActiveCfg = Release|Any CPU
		{A36F993C-3DB7-4266-9692-87D50D6BAA35}.Release|Any CPU.Build.0 = Release|Any CPU
		{3030D34E-7A01-492D-8F38-0840C57C5BAB}.Debug|Any CPU.ActiveCfg = Debug|Any CPU
		{3030D34E-7A01-492D-8F38-0840C57C5BAB}.Debug|Any CPU.Build.0 = Debug|Any CPU
		{3030D34E-7A01-492D-8F38-0840C57C5BAB}.Release|Any CPU.ActiveCfg = Release|Any CPU
		{3030D34E-7A01-492D-8F38-0840C57C5BAB}.Release|Any CPU.Build.0 = Release|Any CPU
		{16EEBB81-EB5E-4915-805E-3B8AEA6F342A}.Debug|Any CPU.ActiveCfg = Debug|Any CPU
		{16EEBB81-EB5E-4915-805E-3B8AEA6F342A}.Debug|Any CPU.Build.0 = Debug|Any CPU
		{16EEBB81-EB5E-4915-805E-3B8AEA6F342A}.Release|Any CPU.ActiveCfg = Release|Any CPU
		{16EEBB81-EB5E-4915-805E-3B8AEA6F342A}.Release|Any CPU.Build.0 = Release|Any CPU
		{1845E49D-644B-4763-9B53-2E1EAD486115}.Debug|Any CPU.ActiveCfg = Debug|Any CPU
		{1845E49D-644B-4763-9B53-2E1EAD486115}.Debug|Any CPU.Build.0 = Debug|Any CPU
		{1845E49D-644B-4763-9B53-2E1EAD486115}.Release|Any CPU.ActiveCfg = Release|Any CPU
		{1845E49D-644B-4763-9B53-2E1EAD486115}.Release|Any CPU.Build.0 = Release|Any CPU
	EndGlobalSection
	GlobalSection(SolutionProperties) = preSolution
		HideSolutionNode = FALSE
	EndGlobalSection
	GlobalSection(NestedProjects) = preSolution
		{88960B1A-2EC8-4783-90E7-973909401AF4} = {D5016D6E-3A9D-4A27-BCEB-6C27C8322DD9}
		{0B07E2EC-5A7E-4BC8-A1BE-A0A9F80AE966} = {D5016D6E-3A9D-4A27-BCEB-6C27C8322DD9}
		{5EB14972-DCE3-4E4C-987E-8110F1253D9A} = {D5016D6E-3A9D-4A27-BCEB-6C27C8322DD9}
		{28C015A4-FEFE-4954-961A-8C708EB96EE1} = {D5016D6E-3A9D-4A27-BCEB-6C27C8322DD9}
		{036B85A5-EB13-4680-BCC9-2B8BA6BC3086} = {5EB14972-DCE3-4E4C-987E-8110F1253D9A}
		{A36F993C-3DB7-4266-9692-87D50D6BAA35} = {0B07E2EC-5A7E-4BC8-A1BE-A0A9F80AE966}
		{3030D34E-7A01-492D-8F38-0840C57C5BAB} = {28C015A4-FEFE-4954-961A-8C708EB96EE1}
		{16EEBB81-EB5E-4915-805E-3B8AEA6F342A} = {C0A1C956-7BFE-44E1-8133-E958B4107A0E}
		{1845E49D-644B-4763-9B53-2E1EAD486115} = {28C015A4-FEFE-4954-961A-8C708EB96EE1}
		{D28E0141-2F1C-4E24-B0C5-AF5D98B02110} = {88960B1A-2EC8-4783-90E7-973909401AF4}
		{C0A1C956-7BFE-44E1-8133-E958B4107A0E} = {D28E0141-2F1C-4E24-B0C5-AF5D98B02110}
		{69AF5937-1C54-4FE1-82EE-A88A24CD716E} = {88960B1A-2EC8-4783-90E7-973909401AF4}
		{57875B7D-7E4D-4EB1-9371-EFD788C4F571} = {88960B1A-2EC8-4783-90E7-973909401AF4}
		{E9E860AF-349E-4168-8367-CD39C8392B0C} = {57875B7D-7E4D-4EB1-9371-EFD788C4F571}
		{40C7D156-CB47-4327-87A8-A8D72C8F76AD} = {57875B7D-7E4D-4EB1-9371-EFD788C4F571}
		{9388959D-CB60-4A2C-8317-C1B9ADDD57B4} = {69AF5937-1C54-4FE1-82EE-A88A24CD716E}
		{F80118E2-3C47-420A-9DAC-1659BB590D17} = {69AF5937-1C54-4FE1-82EE-A88A24CD716E}
		{337CAC5D-EEBB-4A9D-BD5D-5DBDD7732AA3} = {D28E0141-2F1C-4E24-B0C5-AF5D98B02110}
	EndGlobalSection
	GlobalSection(ExtensibilityGlobals) = postSolution
		SolutionGuid = {C5319BDE-361C-4852-9B00-619D20A8EE9C}
	EndGlobalSection
EndGlobal
